
Microsoft Visual Studio Solution File, Format Version 12.00
# Visual Studio Version 17
VisualStudioVersion = 17.0.31919.166
MinimumVisualStudioVersion = 10.0.40219.1
Project("{9A19103F-16F7-4668-BE54-9A1E7A4F7556}") = "CardProjectClient", "CardProjectClient.csproj", "{215C3209-B80C-4BE8-BFAD-7B18C067E3FC}"
EndProject
Global
	GlobalSection(SolutionConfigurationPlatforms) = preSolution
		Debug|Any CPU = Debug|Any CPU
		Release|Any CPU = Release|Any CPU
	EndGlobalSection
	GlobalSection(ProjectConfigurationPlatforms) = postSolution
		{215C3209-B80C-4BE8-BFAD-7B18C067E3FC}.Debug|Any CPU.ActiveCfg = Debug|Any CPU
		{215C3209-B80C-4BE8-BFAD-7B18C067E3FC}.Debug|Any CPU.Build.0 = Debug|Any CPU
		{215C3209-B80C-4BE8-BFAD-7B18C067E3FC}.Release|Any CPU.ActiveCfg = Release|Any CPU
		{215C3209-B80C-4BE8-BFAD-7B18C067E3FC}.Release|Any CPU.Build.0 = Release|Any CPU
	EndGlobalSection
	GlobalSection(SolutionProperties) = preSolution
		HideSolutionNode = FALSE
	EndGlobalSection
	GlobalSection(ExtensibilityGlobals) = postSolution
		SolutionGuid = {B11EF57E-1F36-496B-A9F2-88C7A221126C}
	EndGlobalSection
EndGlobal
